
Microsoft Visual Studio Solution File, Format Version 12.00
# Visual Studio 15
Project("{FAE04EC0-301F-11D3-BF4B-00C04F79EFBC}") = "Assembly-CSharp", "Assembly-CSharp.csproj", "{968EE3E2-EB57-6A07-D9CE-855AC65767D4}"
EndProject
Project("{FAE04EC0-301F-11D3-BF4B-00C04F79EFBC}") = "Assembly-CSharp-Editor", "Assembly-CSharp-Editor.csproj", "{84C76935-199B-25C5-3F61-2A1BAF7573D9}"
EndProject
Global
	GlobalSection(SolutionConfigurationPlatforms) = preSolution
		Debug|Any CPU = Debug|Any CPU
		Release|Any CPU = Release|Any CPU
	EndGlobalSection
	GlobalSection(ProjectConfigurationPlatforms) = postSolution
		{968EE3E2-EB57-6A07-D9CE-855AC65767D4}.Debug|Any CPU.ActiveCfg = Debug|Any CPU
		{968EE3E2-EB57-6A07-D9CE-855AC65767D4}.Debug|Any CPU.Build.0 = Debug|Any CPU
		{968EE3E2-EB57-6A07-D9CE-855AC65767D4}.Release|Any CPU.ActiveCfg = Release|Any CPU
		{968EE3E2-EB57-6A07-D9CE-855AC65767D4}.Release|Any CPU.Build.0 = Release|Any CPU
		{84C76935-199B-25C5-3F61-2A1BAF7573D9}.Debug|Any CPU.ActiveCfg = Debug|Any CPU
		{84C76935-199B-25C5-3F61-2A1BAF7573D9}.Debug|Any CPU.Build.0 = Debug|Any CPU
		{84C76935-199B-25C5-3F61-2A1BAF7573D9}.Release|Any CPU.ActiveCfg = Release|Any CPU
		{84C76935-199B-25C5-3F61-2A1BAF7573D9}.Release|Any CPU.Build.0 = Release|Any CPU
	EndGlobalSection
	GlobalSection(SolutionProperties) = preSolution
		HideSolutionNode = FALSE
	EndGlobalSection
EndGlobal
