
Microsoft Visual Studio Solution File, Format Version 12.00
# Visual Studio 15
Project("{FAE04EC0-301F-11D3-BF4B-00C04F79EFBC}") = "DinoRunner", "DinoRunner.csproj", "{5430FB88-EFB4-35C9-379D-C99632B1821F}"
EndProject
Project("{FAE04EC0-301F-11D3-BF4B-00C04F79EFBC}") = "DinoRunner.Editor.Plugins", "DinoRunner.Editor.Plugins.csproj", "{7975F4CB-DCBE-29EB-A812-9600E89C8537}"
EndProject
Project("{FAE04EC0-301F-11D3-BF4B-00C04F79EFBC}") = "DinoRunner.Plugins", "DinoRunner.Plugins.csproj", "{517FF81E-1BA6-44BB-7C1A-2174D1BA5CCB}"
EndProject
Global
	GlobalSection(SolutionConfigurationPlatforms) = preSolution
		Debug|Any CPU = Debug|Any CPU
		Release|Any CPU = Release|Any CPU
	EndGlobalSection
	GlobalSection(ProjectConfigurationPlatforms) = postSolution
		{5430FB88-EFB4-35C9-379D-C99632B1821F}.Debug|Any CPU.ActiveCfg = Debug|Any CPU
		{5430FB88-EFB4-35C9-379D-C99632B1821F}.Debug|Any CPU.Build.0 = Debug|Any CPU
		{5430FB88-EFB4-35C9-379D-C99632B1821F}.Release|Any CPU.ActiveCfg = Release|Any CPU
		{5430FB88-EFB4-35C9-379D-C99632B1821F}.Release|Any CPU.Build.0 = Release|Any CPU
		{7975F4CB-DCBE-29EB-A812-9600E89C8537}.Debug|Any CPU.ActiveCfg = Debug|Any CPU
		{7975F4CB-DCBE-29EB-A812-9600E89C8537}.Debug|Any CPU.Build.0 = Debug|Any CPU
		{7975F4CB-DCBE-29EB-A812-9600E89C8537}.Release|Any CPU.ActiveCfg = Release|Any CPU
		{7975F4CB-DCBE-29EB-A812-9600E89C8537}.Release|Any CPU.Build.0 = Release|Any CPU
		{517FF81E-1BA6-44BB-7C1A-2174D1BA5CCB}.Debug|Any CPU.ActiveCfg = Debug|Any CPU
		{517FF81E-1BA6-44BB-7C1A-2174D1BA5CCB}.Debug|Any CPU.Build.0 = Debug|Any CPU
		{517FF81E-1BA6-44BB-7C1A-2174D1BA5CCB}.Release|Any CPU.ActiveCfg = Release|Any CPU
		{517FF81E-1BA6-44BB-7C1A-2174D1BA5CCB}.Release|Any CPU.Build.0 = Release|Any CPU
	EndGlobalSection
	GlobalSection(SolutionProperties) = preSolution
		HideSolutionNode = FALSE
	EndGlobalSection
EndGlobal
